
Microsoft Visual Studio Solution File, Format Version 12.00
# Visual Studio Version 16
VisualStudioVersion = 16.0.29009.5
MinimumVisualStudioVersion = 15.0.26124.0
Project("{9A19103F-16F7-4668-BE54-9A1E7A4F7556}") = "policylib", "policylib\policylib.csproj", "{0F78F07B-5A72-4B27-923F-653D169EA3B5}"
EndProject
Project("{9A19103F-16F7-4668-BE54-9A1E7A4F7556}") = "policyutil", "policyutil\policyutil.csproj", "{593565FC-66EF-4EBB-AFDA-D425F4DEF425}"
EndProject
Project("{9A19103F-16F7-4668-BE54-9A1E7A4F7556}") = "SamplePolicyProject", "samplepolicyproject\SamplePolicyProject.csproj", "{96BCFB3B-A4A4-4482-A0D7-5727412E3192}"
EndProject
Project("{9A19103F-16F7-4668-BE54-9A1E7A4F7556}") = "samplepolicyproject-tests", "samplepolicyproject-tests\samplepolicyproject-tests.csproj", "{ACFBB9D8-6C46-4BA5-B845-BA422B45E3DB}"
EndProject
Global
	GlobalSection(SolutionConfigurationPlatforms) = preSolution
		Debug|Any CPU = Debug|Any CPU
		Debug|x64 = Debug|x64
		Debug|x86 = Debug|x86
		Release|Any CPU = Release|Any CPU
		Release|x64 = Release|x64
		Release|x86 = Release|x86
	EndGlobalSection
	GlobalSection(ProjectConfigurationPlatforms) = postSolution
		{0F78F07B-5A72-4B27-923F-653D169EA3B5}.Debug|Any CPU.ActiveCfg = Debug|Any CPU
		{0F78F07B-5A72-4B27-923F-653D169EA3B5}.Debug|Any CPU.Build.0 = Debug|Any CPU
		{0F78F07B-5A72-4B27-923F-653D169EA3B5}.Debug|x64.ActiveCfg = Debug|Any CPU
		{0F78F07B-5A72-4B27-923F-653D169EA3B5}.Debug|x64.Build.0 = Debug|Any CPU
		{0F78F07B-5A72-4B27-923F-653D169EA3B5}.Debug|x86.ActiveCfg = Debug|Any CPU
		{0F78F07B-5A72-4B27-923F-653D169EA3B5}.Debug|x86.Build.0 = Debug|Any CPU
		{0F78F07B-5A72-4B27-923F-653D169EA3B5}.Release|Any CPU.ActiveCfg = Release|Any CPU
		{0F78F07B-5A72-4B27-923F-653D169EA3B5}.Release|Any CPU.Build.0 = Release|Any CPU
		{0F78F07B-5A72-4B27-923F-653D169EA3B5}.Release|x64.ActiveCfg = Release|Any CPU
		{0F78F07B-5A72-4B27-923F-653D169EA3B5}.Release|x64.Build.0 = Release|Any CPU
		{0F78F07B-5A72-4B27-923F-653D169EA3B5}.Release|x86.ActiveCfg = Release|Any CPU
		{0F78F07B-5A72-4B27-923F-653D169EA3B5}.Release|x86.Build.0 = Release|Any CPU
		{593565FC-66EF-4EBB-AFDA-D425F4DEF425}.Debug|Any CPU.ActiveCfg = Debug|Any CPU
		{593565FC-66EF-4EBB-AFDA-D425F4DEF425}.Debug|Any CPU.Build.0 = Debug|Any CPU
		{593565FC-66EF-4EBB-AFDA-D425F4DEF425}.Debug|x64.ActiveCfg = Debug|Any CPU
		{593565FC-66EF-4EBB-AFDA-D425F4DEF425}.Debug|x64.Build.0 = Debug|Any CPU
		{593565FC-66EF-4EBB-AFDA-D425F4DEF425}.Debug|x86.ActiveCfg = Debug|Any CPU
		{593565FC-66EF-4EBB-AFDA-D425F4DEF425}.Debug|x86.Build.0 = Debug|Any CPU
		{593565FC-66EF-4EBB-AFDA-D425F4DEF425}.Release|Any CPU.ActiveCfg = Release|Any CPU
		{593565FC-66EF-4EBB-AFDA-D425F4DEF425}.Release|Any CPU.Build.0 = Release|Any CPU
		{593565FC-66EF-4EBB-AFDA-D425F4DEF425}.Release|x64.ActiveCfg = Release|Any CPU
		{593565FC-66EF-4EBB-AFDA-D425F4DEF425}.Release|x64.Build.0 = Release|Any CPU
		{593565FC-66EF-4EBB-AFDA-D425F4DEF425}.Release|x86.ActiveCfg = Release|Any CPU
		{593565FC-66EF-4EBB-AFDA-D425F4DEF425}.Release|x86.Build.0 = Release|Any CPU
		{96BCFB3B-A4A4-4482-A0D7-5727412E3192}.Debug|Any CPU.ActiveCfg = Debug|Any CPU
		{96BCFB3B-A4A4-4482-A0D7-5727412E3192}.Debug|Any CPU.Build.0 = Debug|Any CPU
		{96BCFB3B-A4A4-4482-A0D7-5727412E3192}.Debug|x64.ActiveCfg = Debug|Any CPU
		{96BCFB3B-A4A4-4482-A0D7-5727412E3192}.Debug|x64.Build.0 = Debug|Any CPU
		{96BCFB3B-A4A4-4482-A0D7-5727412E3192}.Debug|x86.ActiveCfg = Debug|Any CPU
		{96BCFB3B-A4A4-4482-A0D7-5727412E3192}.Debug|x86.Build.0 = Debug|Any CPU
		{96BCFB3B-A4A4-4482-A0D7-5727412E3192}.Release|Any CPU.ActiveCfg = Release|Any CPU
		{96BCFB3B-A4A4-4482-A0D7-5727412E3192}.Release|Any CPU.Build.0 = Release|Any CPU
		{96BCFB3B-A4A4-4482-A0D7-5727412E3192}.Release|x64.ActiveCfg = Release|Any CPU
		{96BCFB3B-A4A4-4482-A0D7-5727412E3192}.Release|x64.Build.0 = Release|Any CPU
		{96BCFB3B-A4A4-4482-A0D7-5727412E3192}.Release|x86.ActiveCfg = Release|Any CPU
		{96BCFB3B-A4A4-4482-A0D7-5727412E3192}.Release|x86.Build.0 = Release|Any CPU
		{ACFBB9D8-6C46-4BA5-B845-BA422B45E3DB}.Debug|Any CPU.ActiveCfg = Debug|Any CPU
		{ACFBB9D8-6C46-4BA5-B845-BA422B45E3DB}.Debug|Any CPU.Build.0 = Debug|Any CPU
		{ACFBB9D8-6C46-4BA5-B845-BA422B45E3DB}.Debug|x64.ActiveCfg = Debug|Any CPU
		{ACFBB9D8-6C46-4BA5-B845-BA422B45E3DB}.Debug|x64.Build.0 = Debug|Any CPU
		{ACFBB9D8-6C46-4BA5-B845-BA422B45E3DB}.Debug|x86.ActiveCfg = Debug|Any CPU
		{ACFBB9D8-6C46-4BA5-B845-BA422B45E3DB}.Debug|x86.Build.0 = Debug|Any CPU
		{ACFBB9D8-6C46-4BA5-B845-BA422B45E3DB}.Release|Any CPU.ActiveCfg = Release|Any CPU
		{ACFBB9D8-6C46-4BA5-B845-BA422B45E3DB}.Release|Any CPU.Build.0 = Release|Any CPU
		{ACFBB9D8-6C46-4BA5-B845-BA422B45E3DB}.Release|x64.ActiveCfg = Release|Any CPU
		{ACFBB9D8-6C46-4BA5-B845-BA422B45E3DB}.Release|x64.Build.0 = Release|Any CPU
		{ACFBB9D8-6C46-4BA5-B845-BA422B45E3DB}.Release|x86.ActiveCfg = Release|Any CPU
		{ACFBB9D8-6C46-4BA5-B845-BA422B45E3DB}.Release|x86.Build.0 = Release|Any CPU
	EndGlobalSection
	GlobalSection(SolutionProperties) = preSolution
		HideSolutionNode = FALSE
	EndGlobalSection
	GlobalSection(ExtensibilityGlobals) = postSolution
		SolutionGuid = {1C8A9F32-FBA5-4968-AA79-44623BBBA150}
	EndGlobalSection
EndGlobal
