
Microsoft Visual Studio Solution File, Format Version 12.00
# Visual Studio 15
VisualStudioVersion = 15.0.26124.0
MinimumVisualStudioVersion = 15.0.26124.0
Project("{FAE04EC0-301F-11D3-BF4B-00C04F79EFBC}") = "policylib", "policylib\policylib.csproj", "{0F78F07B-5A72-4B27-923F-653D169EA3B5}"
EndProject
Project("{FAE04EC0-301F-11D3-BF4B-00C04F79EFBC}") = "policyutil", "policyutil\policyutil.csproj", "{593565FC-66EF-4EBB-AFDA-D425F4DEF425}"
EndProject
Project("{FAE04EC0-301F-11D3-BF4B-00C04F79EFBC}") = "SamplePolicyProject", "samplepolicyproject\SamplePolicyProject.csproj", "{96BCFB3B-A4A4-4482-A0D7-5727412E3192}"
EndProject
Global
	GlobalSection(SolutionConfigurationPlatforms) = preSolution
		Debug|Any CPU = Debug|Any CPU
		Debug|x64 = Debug|x64
		Debug|x86 = Debug|x86
		Release|Any CPU = Release|Any CPU
		Release|x64 = Release|x64
		Release|x86 = Release|x86
	EndGlobalSection
	GlobalSection(SolutionProperties) = preSolution
		HideSolutionNode = FALSE
	EndGlobalSection
	GlobalSection(ProjectConfigurationPlatforms) = postSolution
		{0F78F07B-5A72-4B27-923F-653D169EA3B5}.Debug|Any CPU.ActiveCfg = Debug|Any CPU
		{0F78F07B-5A72-4B27-923F-653D169EA3B5}.Debug|Any CPU.Build.0 = Debug|Any CPU
		{0F78F07B-5A72-4B27-923F-653D169EA3B5}.Debug|x64.ActiveCfg = Debug|Any CPU
		{0F78F07B-5A72-4B27-923F-653D169EA3B5}.Debug|x64.Build.0 = Debug|Any CPU
		{0F78F07B-5A72-4B27-923F-653D169EA3B5}.Debug|x86.ActiveCfg = Debug|Any CPU
		{0F78F07B-5A72-4B27-923F-653D169EA3B5}.Debug|x86.Build.0 = Debug|Any CPU
		{0F78F07B-5A72-4B27-923F-653D169EA3B5}.Release|Any CPU.ActiveCfg = Release|Any CPU
		{0F78F07B-5A72-4B27-923F-653D169EA3B5}.Release|Any CPU.Build.0 = Release|Any CPU
		{0F78F07B-5A72-4B27-923F-653D169EA3B5}.Release|x64.ActiveCfg = Release|Any CPU
		{0F78F07B-5A72-4B27-923F-653D169EA3B5}.Release|x64.Build.0 = Release|Any CPU
		{0F78F07B-5A72-4B27-923F-653D169EA3B5}.Release|x86.ActiveCfg = Release|Any CPU
		{0F78F07B-5A72-4B27-923F-653D169EA3B5}.Release|x86.Build.0 = Release|Any CPU
		{593565FC-66EF-4EBB-AFDA-D425F4DEF425}.Debug|Any CPU.ActiveCfg = Debug|Any CPU
		{593565FC-66EF-4EBB-AFDA-D425F4DEF425}.Debug|Any CPU.Build.0 = Debug|Any CPU
		{593565FC-66EF-4EBB-AFDA-D425F4DEF425}.Debug|x64.ActiveCfg = Debug|Any CPU
		{593565FC-66EF-4EBB-AFDA-D425F4DEF425}.Debug|x64.Build.0 = Debug|Any CPU
		{593565FC-66EF-4EBB-AFDA-D425F4DEF425}.Debug|x86.ActiveCfg = Debug|Any CPU
		{593565FC-66EF-4EBB-AFDA-D425F4DEF425}.Debug|x86.Build.0 = Debug|Any CPU
		{593565FC-66EF-4EBB-AFDA-D425F4DEF425}.Release|Any CPU.ActiveCfg = Release|Any CPU
		{593565FC-66EF-4EBB-AFDA-D425F4DEF425}.Release|Any CPU.Build.0 = Release|Any CPU
		{593565FC-66EF-4EBB-AFDA-D425F4DEF425}.Release|x64.ActiveCfg = Release|Any CPU
		{593565FC-66EF-4EBB-AFDA-D425F4DEF425}.Release|x64.Build.0 = Release|Any CPU
		{593565FC-66EF-4EBB-AFDA-D425F4DEF425}.Release|x86.ActiveCfg = Release|Any CPU
		{593565FC-66EF-4EBB-AFDA-D425F4DEF425}.Release|x86.Build.0 = Release|Any CPU
		{96BCFB3B-A4A4-4482-A0D7-5727412E3192}.Debug|Any CPU.ActiveCfg = Debug|Any CPU
		{96BCFB3B-A4A4-4482-A0D7-5727412E3192}.Debug|Any CPU.Build.0 = Debug|Any CPU
		{96BCFB3B-A4A4-4482-A0D7-5727412E3192}.Debug|x64.ActiveCfg = Debug|Any CPU
		{96BCFB3B-A4A4-4482-A0D7-5727412E3192}.Debug|x64.Build.0 = Debug|Any CPU
		{96BCFB3B-A4A4-4482-A0D7-5727412E3192}.Debug|x86.ActiveCfg = Debug|Any CPU
		{96BCFB3B-A4A4-4482-A0D7-5727412E3192}.Debug|x86.Build.0 = Debug|Any CPU
		{96BCFB3B-A4A4-4482-A0D7-5727412E3192}.Release|Any CPU.ActiveCfg = Release|Any CPU
		{96BCFB3B-A4A4-4482-A0D7-5727412E3192}.Release|Any CPU.Build.0 = Release|Any CPU
		{96BCFB3B-A4A4-4482-A0D7-5727412E3192}.Release|x64.ActiveCfg = Release|Any CPU
		{96BCFB3B-A4A4-4482-A0D7-5727412E3192}.Release|x64.Build.0 = Release|Any CPU
		{96BCFB3B-A4A4-4482-A0D7-5727412E3192}.Release|x86.ActiveCfg = Release|Any CPU
		{96BCFB3B-A4A4-4482-A0D7-5727412E3192}.Release|x86.Build.0 = Release|Any CPU
	EndGlobalSection
EndGlobal
